
Microsoft Visual Studio Solution File, Format Version 12.00
# Visual Studio 15
VisualStudioVersion = 15.0.28307.779
MinimumVisualStudioVersion = 10.0.40219.1
Project("{FAE04EC0-301F-11D3-BF4B-00C04F79EFBC}") = "EastStockScanner", "EastStockScanner\EastStockScanner.csproj", "{D645985F-B5F6-4B34-834F-82DB29B7C874}"
EndProject
Global
	GlobalSection(SolutionConfigurationPlatforms) = preSolution
		Debug|Any CPU = Debug|Any CPU
		Release|Any CPU = Release|Any CPU
	EndGlobalSection
	GlobalSection(ProjectConfigurationPlatforms) = postSolution
		{D645985F-B5F6-4B34-834F-82DB29B7C874}.Debug|Any CPU.ActiveCfg = Debug|Any CPU
		{D645985F-B5F6-4B34-834F-82DB29B7C874}.Debug|Any CPU.Build.0 = Debug|Any CPU
		{D645985F-B5F6-4B34-834F-82DB29B7C874}.Release|Any CPU.ActiveCfg = Release|Any CPU
		{D645985F-B5F6-4B34-834F-82DB29B7C874}.Release|Any CPU.Build.0 = Release|Any CPU
	EndGlobalSection
	GlobalSection(SolutionProperties) = preSolution
		HideSolutionNode = FALSE
	EndGlobalSection
	GlobalSection(ExtensibilityGlobals) = postSolution
		SolutionGuid = {17C17D02-A886-4CBC-A875-2825E92FD997}
	EndGlobalSection
EndGlobal
